
Microsoft Visual Studio Solution File, Format Version 12.00
# Visual Studio Version 17
VisualStudioVersion = 17.6.33723.286
MinimumVisualStudioVersion = 10.0.40219.1
Project("{FAE04EC0-301F-11D3-BF4B-00C04F79EFBC}") = "ServerClient.RabbitMQRPC.Lib", "ServerClient.RabbitMQRPC.Lib\ServerClient.RabbitMQRPC.Lib.csproj", "{35AE4880-75A0-4B13-A030-AB2B40C9B4D7}"
EndProject
Global
	GlobalSection(SolutionConfigurationPlatforms) = preSolution
		Debug|Any CPU = Debug|Any CPU
		Release|Any CPU = Release|Any CPU
	EndGlobalSection
	GlobalSection(ProjectConfigurationPlatforms) = postSolution
		{35AE4880-75A0-4B13-A030-AB2B40C9B4D7}.Debug|Any CPU.ActiveCfg = Debug|Any CPU
		{35AE4880-75A0-4B13-A030-AB2B40C9B4D7}.Debug|Any CPU.Build.0 = Debug|Any CPU
		{35AE4880-75A0-4B13-A030-AB2B40C9B4D7}.Release|Any CPU.ActiveCfg = Release|Any CPU
		{35AE4880-75A0-4B13-A030-AB2B40C9B4D7}.Release|Any CPU.Build.0 = Release|Any CPU
	EndGlobalSection
	GlobalSection(SolutionProperties) = preSolution
		HideSolutionNode = FALSE
	EndGlobalSection
	GlobalSection(ExtensibilityGlobals) = postSolution
		SolutionGuid = {C63ABE61-E01C-45C0-9D2C-4F1D5707ED2A}
	EndGlobalSection
EndGlobal
